{
 "parts": {
  "badges.brush": "76d72a3cc758f03288ce4aa587491506e715dfd3e1621097df1cda2ab3351940",
  "badges.gala": "de4e2d01b84064fdfa14f4188bc4c5ef49d610c66c893f2612af0fdf887f463f",
  "badges.legendary": "f7d3fb828cb506a5aa7cad311a07a7f394299e02adfe18fa79cb4629cabef908",
  "badges.matcha": "c12cf1168828cf7729461a904e6dcdc2b4cbcff3265b618ca85feb525acefc7f",
  "badges.sunflower": "2dc8c36e1fc359528d0cf8160c7889697694c0f7d398c4369c6934341452131e",
  "badges.tide": "251a2a92900c2a5baa2b2a56c8dd0394ee6c3d7b412f2ecc6d06654e2a850e47",
  "badges.twoyear": "95a540b3a27fca7ec02ee71686b897d1594f453b4dd92c648f230b25644aea46",
  "card": "d326a88202443cecd4a7fc6d28d6f9ac4886e85d0a73eb0c9c44aa71c1b576e3",
  "chapter.prologue": "0eef5a915afc85e65fe882ed59647a16dfe773fd87da054e96b8813273933b0c",
  "items.lactaid": "75585d373f9c439afb9a8a463c332a80a28fe865dc400a82e88f1f7ae2312f6c",
  "items.tennis": "3f3e96771e02eb933788e65382269f4ee8713dd63136e3088568efddbdc924e3",
  "labels.dinner": "295eefcb02346fd65160a943a5dd8379950f2e595e7e47620f97d60b528d48a1",
  "labels.lodging": "0affb7088aa391356d06c50c92132ea2375e81ca157135bc0949db024181dc4b",
  "labels.sunflowers": "7bab38b500e9ad2a48b5ffb1a709729e821031aa3bdc7f4308102a4ee6c6e79f",
  "lists": "16e07e9a4395b6007ad7484ee64e1c867aa02fc087ca06f306d35f5a5eada22b",
  "meta": "c6c871fdbd44eb4ebdd549a9c4fb662514890a254d88e5fce79e02a583bc4e06",
  "scenes.pro_card": "626effe9a2ca91cc2432063129f99808e314120229a6dbec03a4f71f2e09387a",
  "scenes.pro_dinner": "eb183fda3f43e16f2aed1798345936d9a1ae9228d8937cbaf1fc646496b5369b",
  "scenes.pro_dinner_city": "a1b9414f48d3c83fbcd94416b93b8cf3a32d4d39fe71bd0795ba107feeae8c7f",
  "scenes.pro_dinner_city_only": "3e18ac34347112229aa2e09dbc5dcbf29ba0af624d6df4c7794318cb968f7d10",
  "scenes.pro_dinner_coastside": "93da9a4461ff422f853c5527700ddf06dcce90c5948c1aab8461da682e10a095",
  "scenes.pro_ending": "122b6ea928336967e8887f7f9397c85d051f1897b220f593eed3f036363080e4",
  "scenes.pro_intro": "83ace921a786f266bc34ecb67414c916367b589136c2681738c02611a8afc592",
  "scenes.pro_lodging": "2f9d52685b1521c97f1559d43a9e794beb6e2246129dd7f033f9ee147fd1510e",
  "scenes.pro_lodging_fake": "61e3815e28f220938a6bb4e818d42d9839a1da065b612e35709e716a0ca7df9b",
  "scenes.pro_lodging_hideout": "d69bdee6b4841387fc708b6b8951634d40ffb60f872dd7482faffbc3ee1e26d3",
  "scenes.pro_lodging_inn": "d8b433c141af195e82466dca5b9a493c7daaa55ed4a111521972133bb04c2feb",
  "scenes.pro_name": "ad869eb0b158da483abc4c7a5e1c1873493025f631f45eef08d905113c1dd27c",
  "scenes.pro_recognize": "762817eea07ad1f64cb3e3cdd8a3536b6b5de2a9cae2348679ef54b1976dafa1",
  "scenes.pro_replay_start": "be9e61ee228ad9da8d3e7bda7d332d3cc9376eb7078b8f710210444a9dc8ea3f",
  "scenes.pro_starter": "c32c2468a6c1f4ebf64a07da6c2ebe5f5c1d97e7305460601a86ea58a5565e7a",
  "scenes.pro_starter_both": "bf4eb5d1975003fd0c54ad75240ea02474c6d8920dbae9b635b06e9db389f618",
  "scenes.pro_starter_charm": "4a5feb09be8aaf0684b6aaab8860a0262d8aa7e6e0475cc6f78fd5424ad06738",
  "scenes.pro_starter_charm_done": "903f4d4739c95c45cb1e631da6bb542268c203a3ac869976691b134b8721a464",
  "scenes.pro_starter_charm_pick": "1805d862b3afe602f672d330933c72a7053ec0d0b990909506439afa44456dea",
  "scenes.pro_starter_charm_safe": "1bdaadb633f4b305de920c8a48dbb9fe6db1044fb234678b67c1b66f9a4b3b9a",
  "scenes.pro_starter_gidget": "ae8cd4e94fed09d07d86034090231e33df10f512ccfa41c44539f3565203654b",
  "scenes.pro_starter_gidget_chosen": "aed2e9d2d032aba56614ca8a44813893617e31cdf30fdb720cfa0788134938d2",
  "scenes.pro_starter_gidget_joined": "891fd46cac7d272301bb88db6fd12f0e360641ca9bd96a56074454428919d486",
  "scenes.pro_starter_lactaid": "c9629aac6db0e1514f74a57a1043f2e0a5ff27c3df3f9edbfc31fc9eee627318",
  "scenes.pro_starter_lactaid_gone": "f8560d0b3441e98a6975ab34eadfb9ada68fd9dcaac175ed58bf160fbf76275d",
  "scenes.pro_starter_mystery_locked": "b1e23aa01cb461e1fe0a9fdeb6b6a538d7f4d75051eb2c38b64697af1343dc68",
  "scenes.pro_starter_pick": "f5192d00dbbbcd0f7d0c972185d7095e8b3edfbe4f111b27da4de66538d8deb0",
  "scenes.pro_starter_pick_last": "b663154fa29ac2e5fddd3f70eb21c054fd13dc65e2d315c8e18727f0c714878b",
  "scenes.pro_starter_tennis": "9617303e61e5416f654db9d626de4681709917a7fad252849588e8d06004b8a3",
  "scenes.pro_starter_tennis_gone": "3e293bc28ae5b2a9037814068c5cc0f75108858c37d966f851988d36495de6a0",
  "scenes.pro_sunflower": "9ce195a911ccdf19834df0df6704720526dff348eab45d51fed3bdb3a379d712",
  "scenes.pro_sunflower_no": "ca1736165af3da089b68b4035ca09178a3b53fb3f3020ddc9e5d0afe0967bb20",
  "scenes.pro_sunflower_yes": "2e125f1af07022a7ff3c90b5ac0234bb36e092fcb37f4707e98bde571cb23e36",
  "scenes.pro_sunflower_yes_pose": "1a883053593ebc4a4ebb822d88b4c2c463741744834e52354f87050299bbba0b"
 },
 "sha256": "1e2ddb202ce4c9dad4e154bc34f7347db44158b959c0afaa6dfe231540ea168c"
}
